
Microsoft Visual Studio Solution File, Format Version 12.00
# Visual Studio Version 16
VisualStudioVersion = 16.0.31321.278
MinimumVisualStudioVersion = 10.0.40219.1
Project("{9A19103F-16F7-4668-BE54-9A1E7A4F7556}") = "Fafnir", "Fafnir\Fafnir.csproj", "{184A3610-6DA9-4DEC-847A-26DEC9237B90}"
EndProject
Global
	GlobalSection(SolutionConfigurationPlatforms) = preSolution
		Debug|Any CPU = Debug|Any CPU
		Release|Any CPU = Release|Any CPU
	EndGlobalSection
	GlobalSection(ProjectConfigurationPlatforms) = postSolution
		{184A3610-6DA9-4DEC-847A-26DEC9237B90}.Debug|Any CPU.ActiveCfg = Debug|Any CPU
		{184A3610-6DA9-4DEC-847A-26DEC9237B90}.Debug|Any CPU.Build.0 = Debug|Any CPU
		{184A3610-6DA9-4DEC-847A-26DEC9237B90}.Release|Any CPU.ActiveCfg = Release|Any CPU
		{184A3610-6DA9-4DEC-847A-26DEC9237B90}.Release|Any CPU.Build.0 = Release|Any CPU
	EndGlobalSection
	GlobalSection(SolutionProperties) = preSolution
		HideSolutionNode = FALSE
	EndGlobalSection
	GlobalSection(ExtensibilityGlobals) = postSolution
		SolutionGuid = {9C5E733D-6773-4289-992D-81A592764B29}
	EndGlobalSection
EndGlobal
